{
  "name": "pj1-ver0.02-",
  "version": "1.0.0",
  "lockfileVersion": 3,
  "requires": true,
  "packages": {
    "": {
      "name": "pj1-ver0.02-",
      "version": "1.0.0",
      "license": "ISC",
      "dependencies": {
        "gsap": "file:./gsap-bonus.tgz"
      }
    },
    "node_modules/gsap": {
      "version": "3.12.5",
      "resolved": "file:gsap-bonus.tgz",
      "integrity": "sha512-Q/GR6Bq13T9ulCSt3bIxHtYu5NbeBZwTi9DykpMFGsF1xUNmG5zNHr/B7TtECURU+N9JSFEPoFj9o77gXfVSRw=="
    }
  }
}
